dependencies:
  espressif/esp_jpeg:
    dependencies: []
    source:
      path: D:\future\Smart-Access-Control-System\firmware\esp32-s3\test_camera\components\Middlewares\espressif__esp_jpeg
      type: local
    version: 1.3.1
  idf:
    source:
      type: idf
    version: 5.5.4
  lvgl/lvgl:
    dependencies: []
    source:
      path: D:\future\Smart-Access-Control-System\firmware\esp32-s3\test_camera\components\Middlewares\lvgl__lvgl
      type: local
    version: 9.5.0
direct_dependencies:
- espressif/esp_jpeg
- idf
- lvgl/lvgl
manifest_hash: 2d27ab93df0df46fee98d2ad2235edef98f6f333469ef04616be84b562e6c25b
target: esp32s3
version: 2.0.0
